
Microsoft Visual Studio Solution File, Format Version 12.00
# Visual Studio 15
VisualStudioVersion = 15.0.26124.0
MinimumVisualStudioVersion = 15.0.26124.0
Project("{2150E333-8FDC-42A3-9474-1A3956D46DE8}") = "src", "src", "{A4D730AB-576D-4A51-A724-E00BFA9BC04C}"
EndProject
Project("{FAE04EC0-301F-11D3-BF4B-00C04F79EFBC}") = "GradeBook", "src\GradeBook\GradeBook.csproj", "{EB252AA3-87A6-421E-80B3-4702CB9BB352}"
EndProject
Project("{2150E333-8FDC-42A3-9474-1A3956D46DE8}") = "test", "test", "{069B737D-7317-44B8-BF06-C69A1DF037AB}"
EndProject
Project("{FAE04EC0-301F-11D3-BF4B-00C04F79EFBC}") = "GradeBook.Tests", "test\GradeBook.Tests\GradeBook.Tests.csproj", "{D56FA94C-6DE6-4523-8BF6-C4E56D9AFC1B}"
EndProject
Global
	GlobalSection(SolutionConfigurationPlatforms) = preSolution
		Debug|Any CPU = Debug|Any CPU
		Debug|x64 = Debug|x64
		Debug|x86 = Debug|x86
		Release|Any CPU = Release|Any CPU
		Release|x64 = Release|x64
		Release|x86 = Release|x86
	EndGlobalSection
	GlobalSection(SolutionProperties) = preSolution
		HideSolutionNode = FALSE
	EndGlobalSection
	GlobalSection(ProjectConfigurationPlatforms) = postSolution
		{EB252AA3-87A6-421E-80B3-4702CB9BB352}.Debug|Any CPU.ActiveCfg = Debug|Any CPU
		{EB252AA3-87A6-421E-80B3-4702CB9BB352}.Debug|Any CPU.Build.0 = Debug|Any CPU
		{EB252AA3-87A6-421E-80B3-4702CB9BB352}.Debug|x64.ActiveCfg = Debug|Any CPU
		{EB252AA3-87A6-421E-80B3-4702CB9BB352}.Debug|x64.Build.0 = Debug|Any CPU
		{EB252AA3-87A6-421E-80B3-4702CB9BB352}.Debug|x86.ActiveCfg = Debug|Any CPU
		{EB252AA3-87A6-421E-80B3-4702CB9BB352}.Debug|x86.Build.0 = Debug|Any CPU
		{EB252AA3-87A6-421E-80B3-4702CB9BB352}.Release|Any CPU.ActiveCfg = Release|Any CPU
		{EB252AA3-87A6-421E-80B3-4702CB9BB352}.Release|Any CPU.Build.0 = Release|Any CPU
		{EB252AA3-87A6-421E-80B3-4702CB9BB352}.Release|x64.ActiveCfg = Release|Any CPU
		{EB252AA3-87A6-421E-80B3-4702CB9BB352}.Release|x64.Build.0 = Release|Any CPU
		{EB252AA3-87A6-421E-80B3-4702CB9BB352}.Release|x86.ActiveCfg = Release|Any CPU
		{EB252AA3-87A6-421E-80B3-4702CB9BB352}.Release|x86.Build.0 = Release|Any CPU
		{D56FA94C-6DE6-4523-8BF6-C4E56D9AFC1B}.Debug|Any CPU.ActiveCfg = Debug|Any CPU
		{D56FA94C-6DE6-4523-8BF6-C4E56D9AFC1B}.Debug|Any CPU.Build.0 = Debug|Any CPU
		{D56FA94C-6DE6-4523-8BF6-C4E56D9AFC1B}.Debug|x64.ActiveCfg = Debug|Any CPU
		{D56FA94C-6DE6-4523-8BF6-C4E56D9AFC1B}.Debug|x64.Build.0 = Debug|Any CPU
		{D56FA94C-6DE6-4523-8BF6-C4E56D9AFC1B}.Debug|x86.ActiveCfg = Debug|Any CPU
		{D56FA94C-6DE6-4523-8BF6-C4E56D9AFC1B}.Debug|x86.Build.0 = Debug|Any CPU
		{D56FA94C-6DE6-4523-8BF6-C4E56D9AFC1B}.Release|Any CPU.ActiveCfg = Release|Any CPU
		{D56FA94C-6DE6-4523-8BF6-C4E56D9AFC1B}.Release|Any CPU.Build.0 = Release|Any CPU
		{D56FA94C-6DE6-4523-8BF6-C4E56D9AFC1B}.Release|x64.ActiveCfg = Release|Any CPU
		{D56FA94C-6DE6-4523-8BF6-C4E56D9AFC1B}.Release|x64.Build.0 = Release|Any CPU
		{D56FA94C-6DE6-4523-8BF6-C4E56D9AFC1B}.Release|x86.ActiveCfg = Release|Any CPU
		{D56FA94C-6DE6-4523-8BF6-C4E56D9AFC1B}.Release|x86.Build.0 = Release|Any CPU
	EndGlobalSection
	GlobalSection(NestedProjects) = preSolution
		{EB252AA3-87A6-421E-80B3-4702CB9BB352} = {A4D730AB-576D-4A51-A724-E00BFA9BC04C}
		{D56FA94C-6DE6-4523-8BF6-C4E56D9AFC1B} = {069B737D-7317-44B8-BF06-C69A1DF037AB}
	EndGlobalSection
EndGlobal
